
Microsoft Visual Studio Solution File, Format Version 12.00
# Visual Studio Version 17
VisualStudioVersion = 17.10.34916.146
MinimumVisualStudioVersion = 10.0.40219.1
Project("{9A19103F-16F7-4668-BE54-9A1E7A4F7556}") = "SystemInfoApi", "SystemInfoAPI\SystemInfoApi.csproj", "{9EAB3AF1-D539-43B1-9004-6B8032C5E783}"
EndProject
Project("{9A19103F-16F7-4668-BE54-9A1E7A4F7556}") = "SystemInfoClient", "SystemInfoClient\SystemInfoClient.csproj", "{639E88EA-913F-4A5A-B296-55298BCE9AF5}"
EndProject
Global
	GlobalSection(SolutionConfigurationPlatforms) = preSolution
		Debug|Any CPU = Debug|Any CPU
		Release|Any CPU = Release|Any CPU
	EndGlobalSection
	GlobalSection(ProjectConfigurationPlatforms) = postSolution
		{9EAB3AF1-D539-43B1-9004-6B8032C5E783}.Debug|Any CPU.ActiveCfg = Debug|Any CPU
		{9EAB3AF1-D539-43B1-9004-6B8032C5E783}.Debug|Any CPU.Build.0 = Debug|Any CPU
		{9EAB3AF1-D539-43B1-9004-6B8032C5E783}.Release|Any CPU.ActiveCfg = Release|Any CPU
		{9EAB3AF1-D539-43B1-9004-6B8032C5E783}.Release|Any CPU.Build.0 = Release|Any CPU
		{639E88EA-913F-4A5A-B296-55298BCE9AF5}.Debug|Any CPU.ActiveCfg = Debug|Any CPU
		{639E88EA-913F-4A5A-B296-55298BCE9AF5}.Debug|Any CPU.Build.0 = Debug|Any CPU
		{639E88EA-913F-4A5A-B296-55298BCE9AF5}.Release|Any CPU.ActiveCfg = Release|Any CPU
		{639E88EA-913F-4A5A-B296-55298BCE9AF5}.Release|Any CPU.Build.0 = Release|Any CPU
	EndGlobalSection
	GlobalSection(SolutionProperties) = preSolution
		HideSolutionNode = FALSE
	EndGlobalSection
	GlobalSection(ExtensibilityGlobals) = postSolution
		SolutionGuid = {AB4514DC-CCBB-43EC-9F46-A1751BF3CF9F}
	EndGlobalSection
EndGlobal
